// !$*UTF8*$!
{
	archiveVersion = 1;
	classes = {
	};
	objectVersion = 70;
	objects = {

/* Begin PBXBuildFile section */
		AB7B36572C34A793004AE578 /* SubMinderApp.swift in Sources */ = {isa = PBXBuildFile; fileRef = AB7B36562C34A793004AE578 /* SubMinderApp.swift */; };
		AB7B365B2C34A794004AE578 /* Assets.xcassets in Resources */ = {isa = PBXBuildFile; fileRef = AB7B365A2C34A794004AE578 /* Assets.xcassets */; };
		AB7B365E2C34A794004AE578 /* Preview Assets.xcassets in Resources */ = {isa = PBXBuildFile; fileRef = AB7B365D2C34A794004AE578 /* Preview Assets.xcassets */; };
		AB7B36682C34A794004AE578 /* SubMinderTests.swift in Sources */ = {isa = PBXBuildFile; fileRef = AB7B36672C34A794004AE578 /* SubMinderTests.swift */; };
		AB7B36722C34A794004AE578 /* SubMinderUITests.swift in Sources */ = {isa = PBXBuildFile; fileRef = AB7B36712C34A794004AE578 /* SubMinderUITests.swift */; };
		AB7B36742C34A794004AE578 /* SubMinderUITestsLaunchTests.swift in Sources */ = {isa = PBXBuildFile; fileRef = AB7B36732C34A794004AE578 /* SubMinderUITestsLaunchTests.swift */; };
		AB7B36882C34A9D3004AE578 /* LoginView.swift in Sources */ = {isa = PBXBuildFile; fileRef = AB7B36872C34A9D3004AE578 /* LoginView.swift */; };
		AB7B368A2C34A9E0004AE578 /* HomeView.swift in Sources */ = {isa = PBXBuildFile; fileRef = AB7B36892C34A9E0004AE578 /* HomeView.swift */; };
		AB7B368E2C34AA1B004AE578 /* BaseManager.swift in Sources */ = {isa = PBXBuildFile; fileRef = AB7B368D2C34AA1B004AE578 /* BaseManager.swift */; };
		AB7B36912C34AA5E004AE578 /* SplashView.swift in Sources */ = {isa = PBXBuildFile; fileRef = AB7B36902C34AA5E004AE578 /* SplashView.swift */; };
		AB7B36962C34AC31004AE578 /* BaseLoader.swift in Sources */ = {isa = PBXBuildFile; fileRef = AB7B36952C34AC31004AE578 /* BaseLoader.swift */; };
		AB7B369C2C34B718004AE578 /* FirebaseAnalytics in Frameworks */ = {isa = PBXBuildFile; productRef = AB7B369B2C34B718004AE578 /* FirebaseAnalytics */; };
		AB7B36A02C34B72B004AE578 /* FirebaseCrashlytics in Frameworks */ = {isa = PBXBuildFile; productRef = AB7B369F2C34B72B004AE578 /* FirebaseCrashlytics */; };
		AB7B36A22C34B734004AE578 /* FirebaseAuth in Frameworks */ = {isa = PBXBuildFile; productRef = AB7B36A12C34B734004AE578 /* FirebaseAuth */; };
		AB7B36A62C34B782004AE578 /* AppDelegate.swift in Sources */ = {isa = PBXBuildFile; fileRef = AB7B36A52C34B782004AE578 /* AppDelegate.swift */; };
		AB7B36AB2C34BCD0004AE578 /* SplashViewModel.swift in Sources */ = {isa = PBXBuildFile; fileRef = AB7B36AA2C34BCD0004AE578 /* SplashViewModel.swift */; };
		AB7B36AE2C34C01F004AE578 /* DeviceInfo.swift in Sources */ = {isa = PBXBuildFile; fileRef = AB7B36AD2C34C01F004AE578 /* DeviceInfo.swift */; };
		AB7B36B02C34CBAA004AE578 /* LoginViewModel.swift in Sources */ = {isa = PBXBuildFile; fileRef = AB7B36AF2C34CBAA004AE578 /* LoginViewModel.swift */; };
		AB7B36B22C34CC07004AE578 /* HomeViewModel.swift in Sources */ = {isa = PBXBuildFile; fileRef = AB7B36B12C34CC07004AE578 /* HomeViewModel.swift */; };
		AB7B36B62C34D974004AE578 /* String+Utils.swift in Sources */ = {isa = PBXBuildFile; fileRef = AB7B36B52C34D974004AE578 /* String+Utils.swift */; };
		AB7B36B82C34DA93004AE578 /* GoogleService-Info.plist in Resources */ = {isa = PBXBuildFile; fileRef = AB7B36B72C34DA93004AE578 /* GoogleService-Info.plist */; };
		AB7B36BE2C354F44004AE578 /* RegisterView.swift in Sources */ = {isa = PBXBuildFile; fileRef = AB7B36BD2C354F44004AE578 /* RegisterView.swift */; };
		AB7B36C02C354F4F004AE578 /* RegisterViewModel.swift in Sources */ = {isa = PBXBuildFile; fileRef = AB7B36BF2C354F4F004AE578 /* RegisterViewModel.swift */; };
		AB7B36C22C355C76004AE578 /* SMMainButton.swift in Sources */ = {isa = PBXBuildFile; fileRef = AB7B36C12C355C76004AE578 /* SMMainButton.swift */; };
		AB7B36C62C35622A004AE578 /* SMSecureTextField.swift in Sources */ = {isa = PBXBuildFile; fileRef = AB7B36C52C35622A004AE578 /* SMSecureTextField.swift */; };
		AB7B36C82C356605004AE578 /* SMTextField.swift in Sources */ = {isa = PBXBuildFile; fileRef = AB7B36C72C356605004AE578 /* SMTextField.swift */; };
		AB7B36CB2C35992C004AE578 /* AuthService.swift in Sources */ = {isa = PBXBuildFile; fileRef = AB7B36CA2C35992B004AE578 /* AuthService.swift */; };
		AB94857A2C38BAFD00DF72BA /* NewSubscriptionRow.swift in Sources */ = {isa = PBXBuildFile; fileRef = AB9485792C38BAFD00DF72BA /* NewSubscriptionRow.swift */; };
		AB94857D2C38C01300DF72BA /* NewSubscriptionFormView.swift in Sources */ = {isa = PBXBuildFile; fileRef = AB94857C2C38C01300DF72BA /* NewSubscriptionFormView.swift */; };
		AB94857F2C38C04400DF72BA /* NewSubscriptionFormViewModel.swift in Sources */ = {isa = PBXBuildFile; fileRef = AB94857E2C38C04400DF72BA /* NewSubscriptionFormViewModel.swift */; };
		AB9485822C38C2B600DF72BA /* SubscriptionsFactory.swift in Sources */ = {isa = PBXBuildFile; fileRef = AB9485812C38C2A600DF72BA /* SubscriptionsFactory.swift */; };
		ABEDC0282C35D09B0057EDC6 /* Roboto-Bold.ttf in Resources */ = {isa = PBXBuildFile; fileRef = ABEDC0272C35D09B0057EDC6 /* Roboto-Bold.ttf */; };
		ABEDC02A2C35D0A20057EDC6 /* Roboto-Regular.ttf in Resources */ = {isa = PBXBuildFile; fileRef = ABEDC0292C35D0A20057EDC6 /* Roboto-Regular.ttf */; };
		ABEDC02C2C35D0AC0057EDC6 /* Roboto-Medium.ttf in Resources */ = {isa = PBXBuildFile; fileRef = ABEDC02B2C35D0AC0057EDC6 /* Roboto-Medium.ttf */; };
		ABEDC02E2C35D41D0057EDC6 /* SMText.swift in Sources */ = {isa = PBXBuildFile; fileRef = ABEDC02D2C35D41D0057EDC6 /* SMText.swift */; };
		ABEDC0312C35DE680057EDC6 /* Localizable.strings in Resources */ = {isa = PBXBuildFile; fileRef = ABEDC02F2C35DE680057EDC6 /* Localizable.strings */; };
		ABEDC0372C35F1D30057EDC6 /* Color+Utils.swift in Sources */ = {isa = PBXBuildFile; fileRef = ABEDC0362C35F1D30057EDC6 /* Color+Utils.swift */; };
		ABEDC0392C3716520057EDC6 /* SMIconButton.swift in Sources */ = {isa = PBXBuildFile; fileRef = ABEDC0382C3716520057EDC6 /* SMIconButton.swift */; };
		ABEDC03B2C371CBE0057EDC6 /* SMScrollableTabView.swift in Sources */ = {isa = PBXBuildFile; fileRef = ABEDC03A2C371CBE0057EDC6 /* SMScrollableTabView.swift */; };
		ABEDC0412C3775EE0057EDC6 /* SMCircularProgressBar.swift in Sources */ = {isa = PBXBuildFile; fileRef = ABEDC0402C3775EE0057EDC6 /* SMCircularProgressBar.swift */; };
		ABEDC0452C3857EA0057EDC6 /* SMAddIconButton.swift in Sources */ = {isa = PBXBuildFile; fileRef = ABEDC0442C3857EA0057EDC6 /* SMAddIconButton.swift */; };
		ABEDC0482C385DA50057EDC6 /* NewSubscriptionView.swift in Sources */ = {isa = PBXBuildFile; fileRef = ABEDC0472C385DA50057EDC6 /* NewSubscriptionView.swift */; };
		ABEDC04A2C385DB90057EDC6 /* NewSubscriptionViewModel.swift in Sources */ = {isa = PBXBuildFile; fileRef = ABEDC0492C385DB90057EDC6 /* NewSubscriptionViewModel.swift */; };
/* End PBXBuildFile section */

/* Begin PBXContainerItemProxy section */
		AB7B36642C34A794004AE578 /* PBXContainerItemProxy */ = {
			isa = PBXContainerItemProxy;
			containerPortal = AB7B364B2C34A793004AE578 /* Project object */;
			proxyType = 1;
			remoteGlobalIDString = AB7B36522C34A793004AE578;
			remoteInfo = SubMinder;
		};
		AB7B366E2C34A794004AE578 /* PBXContainerItemProxy */ = {
			isa = PBXContainerItemProxy;
			containerPortal = AB7B364B2C34A793004AE578 /* Project object */;
			proxyType = 1;
			remoteGlobalIDString = AB7B36522C34A793004AE578;
			remoteInfo = SubMinder;
		};
/* End PBXContainerItemProxy section */

/* Begin PBXFileReference section */
		AB7B36532C34A793004AE578 /* SubMinder.app */ = {isa = PBXFileReference; explicitFileType = wrapper.application; includeInIndex = 0; path = SubMinder.app; sourceTree = BUILT_PRODUCTS_DIR; };
		AB7B36562C34A793004AE578 /* SubMinderApp.swift */ = {isa = PBXFileReference; lastKnownFileType = sourcecode.swift; path = SubMinderApp.swift; sourceTree = "<group>"; };
		AB7B365A2C34A794004AE578 /* Assets.xcassets */ = {isa = PBXFileReference; lastKnownFileType = folder.assetcatalog; path = Assets.xcassets; sourceTree = "<group>"; };
		AB7B365D2C34A794004AE578 /* Preview Assets.xcassets */ = {isa = PBXFileReference; lastKnownFileType = folder.assetcatalog; path = "Preview Assets.xcassets"; sourceTree = "<group>"; };
		AB7B36632C34A794004AE578 /* SubMinderTests.xctest */ = {isa = PBXFileReference; explicitFileType = wrapper.cfbundle; includeInIndex = 0; path = SubMinderTests.xctest; sourceTree = BUILT_PRODUCTS_DIR; };
		AB7B36672C34A794004AE578 /* SubMinderTests.swift */ = {isa = PBXFileReference; lastKnownFileType = sourcecode.swift; path = SubMinderTests.swift; sourceTree = "<group>"; };
		AB7B366D2C34A794004AE578 /* SubMinderUITests.xctest */ = {isa = PBXFileReference; explicitFileType = wrapper.cfbundle; includeInIndex = 0; path = SubMinderUITests.xctest; sourceTree = BUILT_PRODUCTS_DIR; };
		AB7B36712C34A794004AE578 /* SubMinderUITests.swift */ = {isa = PBXFileReference; lastKnownFileType = sourcecode.swift; path = SubMinderUITests.swift; sourceTree = "<group>"; };
		AB7B36732C34A794004AE578 /* SubMinderUITestsLaunchTests.swift */ = {isa = PBXFileReference; lastKnownFileType = sourcecode.swift; path = SubMinderUITestsLaunchTests.swift; sourceTree = "<group>"; };
		AB7B36872C34A9D3004AE578 /* LoginView.swift */ = {isa = PBXFileReference; lastKnownFileType = sourcecode.swift; path = LoginView.swift; sourceTree = "<group>"; };
		AB7B36892C34A9E0004AE578 /* HomeView.swift */ = {isa = PBXFileReference; lastKnownFileType = sourcecode.swift; path = HomeView.swift; sourceTree = "<group>"; };
		AB7B368D2C34AA1B004AE578 /* BaseManager.swift */ = {isa = PBXFileReference; lastKnownFileType = sourcecode.swift; path = BaseManager.swift; sourceTree = "<group>"; };
		AB7B36902C34AA5E004AE578 /* SplashView.swift */ = {isa = PBXFileReference; lastKnownFileType = sourcecode.swift; path = SplashView.swift; sourceTree = "<group>"; };
		AB7B36952C34AC31004AE578 /* BaseLoader.swift */ = {isa = PBXFileReference; lastKnownFileType = sourcecode.swift; path = BaseLoader.swift; sourceTree = "<group>"; };
		AB7B36A52C34B782004AE578 /* AppDelegate.swift */ = {isa = PBXFileReference; lastKnownFileType = sourcecode.swift; path = AppDelegate.swift; sourceTree = "<group>"; };
		AB7B36A72C34B9A6004AE578 /* Info.plist */ = {isa = PBXFileReference; lastKnownFileType = text.plist.xml; name = Info.plist; path = SubMinder/App/Info.plist; sourceTree = SOURCE_ROOT; };
		AB7B36AA2C34BCD0004AE578 /* SplashViewModel.swift */ = {isa = PBXFileReference; lastKnownFileType = sourcecode.swift; path = SplashViewModel.swift; sourceTree = "<group>"; };
		AB7B36AD2C34C01F004AE578 /* DeviceInfo.swift */ = {isa = PBXFileReference; lastKnownFileType = sourcecode.swift; path = DeviceInfo.swift; sourceTree = "<group>"; };
		AB7B36AF2C34CBAA004AE578 /* LoginViewModel.swift */ = {isa = PBXFileReference; lastKnownFileType = sourcecode.swift; path = LoginViewModel.swift; sourceTree = "<group>"; };
		AB7B36B12C34CC07004AE578 /* HomeViewModel.swift */ = {isa = PBXFileReference; lastKnownFileType = sourcecode.swift; path = HomeViewModel.swift; sourceTree = "<group>"; };
		AB7B36B52C34D974004AE578 /* String+Utils.swift */ = {isa = PBXFileReference; lastKnownFileType = sourcecode.swift; path = "String+Utils.swift"; sourceTree = "<group>"; };
		AB7B36B72C34DA93004AE578 /* GoogleService-Info.plist */ = {isa = PBXFileReference; lastKnownFileType = text.plist.xml; path = "GoogleService-Info.plist"; sourceTree = "<group>"; };
		AB7B36BD2C354F44004AE578 /* RegisterView.swift */ = {isa = PBXFileReference; lastKnownFileType = sourcecode.swift; path = RegisterView.swift; sourceTree = "<group>"; };
		AB7B36BF2C354F4F004AE578 /* RegisterViewModel.swift */ = {isa = PBXFileReference; lastKnownFileType = sourcecode.swift; path = RegisterViewModel.swift; sourceTree = "<group>"; };
		AB7B36C12C355C76004AE578 /* SMMainButton.swift */ = {isa = PBXFileReference; lastKnownFileType = sourcecode.swift; path = SMMainButton.swift; sourceTree = "<group>"; };
		AB7B36C52C35622A004AE578 /* SMSecureTextField.swift */ = {isa = PBXFileReference; lastKnownFileType = sourcecode.swift; path = SMSecureTextField.swift; sourceTree = "<group>"; };
		AB7B36C72C356605004AE578 /* SMTextField.swift */ = {isa = PBXFileReference; lastKnownFileType = sourcecode.swift; path = SMTextField.swift; sourceTree = "<group>"; };
		AB7B36CA2C35992B004AE578 /* AuthService.swift */ = {isa = PBXFileReference; lastKnownFileType = sourcecode.swift; path = AuthService.swift; sourceTree = "<group>"; };
		AB9485792C38BAFD00DF72BA /* NewSubscriptionRow.swift */ = {isa = PBXFileReference; lastKnownFileType = sourcecode.swift; path = NewSubscriptionRow.swift; sourceTree = "<group>"; };
		AB94857C2C38C01300DF72BA /* NewSubscriptionFormView.swift */ = {isa = PBXFileReference; lastKnownFileType = sourcecode.swift; path = NewSubscriptionFormView.swift; sourceTree = "<group>"; };
		AB94857E2C38C04400DF72BA /* NewSubscriptionFormViewModel.swift */ = {isa = PBXFileReference; lastKnownFileType = sourcecode.swift; path = NewSubscriptionFormViewModel.swift; sourceTree = "<group>"; };
		AB9485812C38C2A600DF72BA /* SubscriptionsFactory.swift */ = {isa = PBXFileReference; lastKnownFileType = sourcecode.swift; path = SubscriptionsFactory.swift; sourceTree = "<group>"; };
		ABEDC0272C35D09B0057EDC6 /* Roboto-Bold.ttf */ = {isa = PBXFileReference; lastKnownFileType = file; path = "Roboto-Bold.ttf"; sourceTree = "<group>"; };
		ABEDC0292C35D0A20057EDC6 /* Roboto-Regular.ttf */ = {isa = PBXFileReference; lastKnownFileType = file; path = "Roboto-Regular.ttf"; sourceTree = "<group>"; };
		ABEDC02B2C35D0AC0057EDC6 /* Roboto-Medium.ttf */ = {isa = PBXFileReference; lastKnownFileType = file; path = "Roboto-Medium.ttf"; sourceTree = "<group>"; };
		ABEDC02D2C35D41D0057EDC6 /* SMText.swift */ = {isa = PBXFileReference; lastKnownFileType = sourcecode.swift; path = SMText.swift; sourceTree = "<group>"; };
		ABEDC0342C35E2F30057EDC6 /* es */ = {isa = PBXFileReference; lastKnownFileType = text.plist.strings; name = es; path = es.lproj/Localizable.strings; sourceTree = "<group>"; };
		ABEDC0362C35F1D30057EDC6 /* Color+Utils.swift */ = {isa = PBXFileReference; lastKnownFileType = sourcecode.swift; path = "Color+Utils.swift"; sourceTree = "<group>"; };
		ABEDC0382C3716520057EDC6 /* SMIconButton.swift */ = {isa = PBXFileReference; lastKnownFileType = sourcecode.swift; path = SMIconButton.swift; sourceTree = "<group>"; };
		ABEDC03A2C371CBE0057EDC6 /* SMScrollableTabView.swift */ = {isa = PBXFileReference; lastKnownFileType = sourcecode.swift; path = SMScrollableTabView.swift; sourceTree = "<group>"; };
		ABEDC0402C3775EE0057EDC6 /* SMCircularProgressBar.swift */ = {isa = PBXFileReference; lastKnownFileType = sourcecode.swift; path = SMCircularProgressBar.swift; sourceTree = "<group>"; };
		ABEDC0442C3857EA0057EDC6 /* SMAddIconButton.swift */ = {isa = PBXFileReference; lastKnownFileType = sourcecode.swift; path = SMAddIconButton.swift; sourceTree = "<group>"; };
		ABEDC0472C385DA50057EDC6 /* NewSubscriptionView.swift */ = {isa = PBXFileReference; lastKnownFileType = sourcecode.swift; path = NewSubscriptionView.swift; sourceTree = "<group>"; };
		ABEDC0492C385DB90057EDC6 /* NewSubscriptionViewModel.swift */ = {isa = PBXFileReference; lastKnownFileType = sourcecode.swift; path = NewSubscriptionViewModel.swift; sourceTree = "<group>"; };
/* End PBXFileReference section */

/* Begin PBXFileSystemSynchronizedBuildFileExceptionSet section */
		ABEDC03F2C3772610057EDC6 /* PBXFileSystemSynchronizedBuildFileExceptionSet */ = {
			isa = PBXFileSystemSynchronizedBuildFileExceptionSet;
			membershipExceptions = (
				NewSubscriptionModel.swift,
				SubscriptionModel.swift,
			);
			target = AB7B36522C34A793004AE578 /* SubMinder */;
		};
/* End PBXFileSystemSynchronizedBuildFileExceptionSet section */

/* Begin PBXFileSystemSynchronizedRootGroup section */
		ABEDC03C2C3772460057EDC6 /* Models */ = {isa = PBXFileSystemSynchronizedRootGroup; exceptions = (ABEDC03F2C3772610057EDC6 /* PBXFileSystemSynchronizedBuildFileExceptionSet */, ); explicitFileTypes = {}; explicitFolders = (); path = Models; sourceTree = "<group>"; };
/* End PBXFileSystemSynchronizedRootGroup section */

/* Begin PBXFrameworksBuildPhase section */
		AB7B36502C34A793004AE578 /* Frameworks */ = {
			isa = PBXFrameworksBuildPhase;
			buildActionMask = 2147483647;
			files = (
				AB7B36A02C34B72B004AE578 /* FirebaseCrashlytics in Frameworks */,
				AB7B369C2C34B718004AE578 /* FirebaseAnalytics in Frameworks */,
				AB7B36A22C34B734004AE578 /* FirebaseAuth in Frameworks */,
			);
			runOnlyForDeploymentPostprocessing = 0;
		};
		AB7B36602C34A794004AE578 /* Frameworks */ = {
			isa = PBXFrameworksBuildPhase;
			buildActionMask = 2147483647;
			files = (
			);
			runOnlyForDeploymentPostprocessing = 0;
		};
		AB7B366A2C34A794004AE578 /* Frameworks */ = {
			isa = PBXFrameworksBuildPhase;
			buildActionMask = 2147483647;
			files = (
			);
			runOnlyForDeploymentPostprocessing = 0;
		};
/* End PBXFrameworksBuildPhase section */

/* Begin PBXGroup section */
		AB7B364A2C34A793004AE578 = {
			isa = PBXGroup;
			children = (
				AB7B36552C34A793004AE578 /* SubMinder */,
				AB7B36662C34A794004AE578 /* SubMinderTests */,
				AB7B36702C34A794004AE578 /* SubMinderUITests */,
				AB7B36542C34A793004AE578 /* Products */,
				AB7B369A2C34B718004AE578 /* Frameworks */,
			);
			sourceTree = "<group>";
		};
		AB7B36542C34A793004AE578 /* Products */ = {
			isa = PBXGroup;
			children = (
				AB7B36532C34A793004AE578 /* SubMinder.app */,
				AB7B36632C34A794004AE578 /* SubMinderTests.xctest */,
				AB7B366D2C34A794004AE578 /* SubMinderUITests.xctest */,
			);
			name = Products;
			sourceTree = "<group>";
		};
		AB7B36552C34A793004AE578 /* SubMinder */ = {
			isa = PBXGroup;
			children = (
				AB7B36562C34A793004AE578 /* SubMinderApp.swift */,
				AB7B36A32C34B768004AE578 /* App */,
				AB7B36822C34A996004AE578 /* Code */,
				AB7B36812C34A97D004AE578 /* Resources */,
				AB7B365C2C34A794004AE578 /* Preview Content */,
			);
			path = SubMinder;
			sourceTree = "<group>";
		};
		AB7B365C2C34A794004AE578 /* Preview Content */ = {
			isa = PBXGroup;
			children = (
				AB7B365D2C34A794004AE578 /* Preview Assets.xcassets */,
			);
			path = "Preview Content";
			sourceTree = "<group>";
		};
		AB7B36662C34A794004AE578 /* SubMinderTests */ = {
			isa = PBXGroup;
			children = (
				AB7B36672C34A794004AE578 /* SubMinderTests.swift */,
			);
			path = SubMinderTests;
			sourceTree = "<group>";
		};
		AB7B36702C34A794004AE578 /* SubMinderUITests */ = {
			isa = PBXGroup;
			children = (
				AB7B36712C34A794004AE578 /* SubMinderUITests.swift */,
				AB7B36732C34A794004AE578 /* SubMinderUITestsLaunchTests.swift */,
			);
			path = SubMinderUITests;
			sourceTree = "<group>";
		};
		AB7B36812C34A97D004AE578 /* Resources */ = {
			isa = PBXGroup;
			children = (
				AB7B365A2C34A794004AE578 /* Assets.xcassets */,
				ABEDC0322C35DFA30057EDC6 /* Fonts */,
				ABEDC02F2C35DE680057EDC6 /* Localizable.strings */,
			);
			path = Resources;
			sourceTree = "<group>";
		};
		AB7B36822C34A996004AE578 /* Code */ = {
			isa = PBXGroup;
			children = (
				AB9485802C38C29E00DF72BA /* Factory */,
				ABEDC03C2C3772460057EDC6 /* Models */,
				AB7B36C92C359914004AE578 /* Authentication */,
				AB7B36832C34A99B004AE578 /* Managers */,
				AB7B36AC2C34C00A004AE578 /* Utils */,
				AB7B36922C34AAAD004AE578 /* Base */,
				AB7B368B2C34A9ED004AE578 /* Components */,
				AB7B36842C34A9AF004AE578 /* Modules */,
			);
			path = Code;
			sourceTree = "<group>";
		};
		AB7B36832C34A99B004AE578 /* Managers */ = {
			isa = PBXGroup;
			children = (
				AB7B368D2C34AA1B004AE578 /* BaseManager.swift */,
			);
			path = Managers;
			sourceTree = "<group>";
		};
		AB7B36842C34A9AF004AE578 /* Modules */ = {
			isa = PBXGroup;
			children = (
				AB7B368F2C34AA52004AE578 /* Splash */,
				AB7B36862C34A9B8004AE578 /* Login */,
				AB7B36BC2C354F37004AE578 /* Register */,
				AB7B36852C34A9B4004AE578 /* Home */,
				ABEDC0462C385D3D0057EDC6 /* NewSubscription */,
				AB94857B2C38BFE500DF72BA /* NewSubscriptionForm */,
			);
			path = Modules;
			sourceTree = "<group>";
		};
		AB7B36852C34A9B4004AE578 /* Home */ = {
			isa = PBXGroup;
			children = (
				AB7B36892C34A9E0004AE578 /* HomeView.swift */,
				AB7B36B12C34CC07004AE578 /* HomeViewModel.swift */,
			);
			path = Home;
			sourceTree = "<group>";
		};
		AB7B36862C34A9B8004AE578 /* Login */ = {
			isa = PBXGroup;
			children = (
				AB7B36872C34A9D3004AE578 /* LoginView.swift */,
				AB7B36AF2C34CBAA004AE578 /* LoginViewModel.swift */,
			);
			path = Login;
			sourceTree = "<group>";
		};
		AB7B368B2C34A9ED004AE578 /* Components */ = {
			isa = PBXGroup;
			children = (
				AB7B36C12C355C76004AE578 /* SMMainButton.swift */,
				AB7B36C52C35622A004AE578 /* SMSecureTextField.swift */,
				AB7B36C72C356605004AE578 /* SMTextField.swift */,
				ABEDC02D2C35D41D0057EDC6 /* SMText.swift */,
				ABEDC0382C3716520057EDC6 /* SMIconButton.swift */,
				ABEDC03A2C371CBE0057EDC6 /* SMScrollableTabView.swift */,
				ABEDC0402C3775EE0057EDC6 /* SMCircularProgressBar.swift */,
				ABEDC0442C3857EA0057EDC6 /* SMAddIconButton.swift */,
			);
			path = Components;
			sourceTree = "<group>";
		};
		AB7B368F2C34AA52004AE578 /* Splash */ = {
			isa = PBXGroup;
			children = (
				AB7B36902C34AA5E004AE578 /* SplashView.swift */,
				AB7B36AA2C34BCD0004AE578 /* SplashViewModel.swift */,
			);
			path = Splash;
			sourceTree = "<group>";
		};
		AB7B36922C34AAAD004AE578 /* Base */ = {
			isa = PBXGroup;
			children = (
				AB7B36952C34AC31004AE578 /* BaseLoader.swift */,
			);
			path = Base;
			sourceTree = "<group>";
		};
		AB7B369A2C34B718004AE578 /* Frameworks */ = {
			isa = PBXGroup;
			children = (
			);
			name = Frameworks;
			sourceTree = "<group>";
		};
		AB7B36A32C34B768004AE578 /* App */ = {
			isa = PBXGroup;
			children = (
				AB7B36A52C34B782004AE578 /* AppDelegate.swift */,
				AB7B36B72C34DA93004AE578 /* GoogleService-Info.plist */,
				AB7B36A72C34B9A6004AE578 /* Info.plist */,
			);
			path = App;
			sourceTree = "<group>";
		};
		AB7B36AC2C34C00A004AE578 /* Utils */ = {
			isa = PBXGroup;
			children = (
				AB7B36AD2C34C01F004AE578 /* DeviceInfo.swift */,
				AB7B36B52C34D974004AE578 /* String+Utils.swift */,
				ABEDC0362C35F1D30057EDC6 /* Color+Utils.swift */,
			);
			path = Utils;
			sourceTree = "<group>";
		};
		AB7B36BC2C354F37004AE578 /* Register */ = {
			isa = PBXGroup;
			children = (
				AB7B36BD2C354F44004AE578 /* RegisterView.swift */,
				AB7B36BF2C354F4F004AE578 /* RegisterViewModel.swift */,
			);
			path = Register;
			sourceTree = "<group>";
		};
		AB7B36C92C359914004AE578 /* Authentication */ = {
			isa = PBXGroup;
			children = (
				AB7B36CA2C35992B004AE578 /* AuthService.swift */,
			);
			path = Authentication;
			sourceTree = "<group>";
		};
		AB9485782C38BADF00DF72BA /* Cell */ = {
			isa = PBXGroup;
			children = (
				AB9485792C38BAFD00DF72BA /* NewSubscriptionRow.swift */,
			);
			path = Cell;
			sourceTree = "<group>";
		};
		AB94857B2C38BFE500DF72BA /* NewSubscriptionForm */ = {
			isa = PBXGroup;
			children = (
				AB94857C2C38C01300DF72BA /* NewSubscriptionFormView.swift */,
				AB94857E2C38C04400DF72BA /* NewSubscriptionFormViewModel.swift */,
			);
			path = NewSubscriptionForm;
			sourceTree = "<group>";
		};
		AB9485802C38C29E00DF72BA /* Factory */ = {
			isa = PBXGroup;
			children = (
				AB9485812C38C2A600DF72BA /* SubscriptionsFactory.swift */,
			);
			path = Factory;
			sourceTree = "<group>";
		};
		ABEDC0322C35DFA30057EDC6 /* Fonts */ = {
			isa = PBXGroup;
			children = (
				ABEDC02B2C35D0AC0057EDC6 /* Roboto-Medium.ttf */,
				ABEDC0292C35D0A20057EDC6 /* Roboto-Regular.ttf */,
				ABEDC0272C35D09B0057EDC6 /* Roboto-Bold.ttf */,
			);
			path = Fonts;
			sourceTree = "<group>";
		};
		ABEDC0462C385D3D0057EDC6 /* NewSubscription */ = {
			isa = PBXGroup;
			children = (
				AB9485782C38BADF00DF72BA /* Cell */,
				ABEDC0472C385DA50057EDC6 /* NewSubscriptionView.swift */,
				ABEDC0492C385DB90057EDC6 /* NewSubscriptionViewModel.swift */,
			);
			path = NewSubscription;
			sourceTree = "<group>";
		};
/* End PBXGroup section */

/* Begin PBXNativeTarget section */
		AB7B36522C34A793004AE578 /* SubMinder */ = {
			isa = PBXNativeTarget;
			buildConfigurationList = AB7B36772C34A794004AE578 /* Build configuration list for PBXNativeTarget "SubMinder" */;
			buildPhases = (
				AB7B364F2C34A793004AE578 /* Sources */,
				AB7B36502C34A793004AE578 /* Frameworks */,
				AB7B36512C34A793004AE578 /* Resources */,
			);
			buildRules = (
			);
			dependencies = (
			);
			name = SubMinder;
			packageProductDependencies = (
				AB7B369B2C34B718004AE578 /* FirebaseAnalytics */,
				AB7B369F2C34B72B004AE578 /* FirebaseCrashlytics */,
				AB7B36A12C34B734004AE578 /* FirebaseAuth */,
			);
			productName = SubMinder;
			productReference = AB7B36532C34A793004AE578 /* SubMinder.app */;
			productType = "com.apple.product-type.application";
		};
		AB7B36622C34A794004AE578 /* SubMinderTests */ = {
			isa = PBXNativeTarget;
			buildConfigurationList = AB7B367A2C34A794004AE578 /* Build configuration list for PBXNativeTarget "SubMinderTests" */;
			buildPhases = (
				AB7B365F2C34A794004AE578 /* Sources */,
				AB7B36602C34A794004AE578 /* Frameworks */,
				AB7B36612C34A794004AE578 /* Resources */,
			);
			buildRules = (
			);
			dependencies = (
				AB7B36652C34A794004AE578 /* PBXTargetDependency */,
			);
			name = SubMinderTests;
			productName = SubMinderTests;
			productReference = AB7B36632C34A794004AE578 /* SubMinderTests.xctest */;
			productType = "com.apple.product-type.bundle.unit-test";
		};
		AB7B366C2C34A794004AE578 /* SubMinderUITests */ = {
			isa = PBXNativeTarget;
			buildConfigurationList = AB7B367D2C34A794004AE578 /* Build configuration list for PBXNativeTarget "SubMinderUITests" */;
			buildPhases = (
				AB7B36692C34A794004AE578 /* Sources */,
				AB7B366A2C34A794004AE578 /* Frameworks */,
				AB7B366B2C34A794004AE578 /* Resources */,
			);
			buildRules = (
			);
			dependencies = (
				AB7B366F2C34A794004AE578 /* PBXTargetDependency */,
			);
			name = SubMinderUITests;
			productName = SubMinderUITests;
			productReference = AB7B366D2C34A794004AE578 /* SubMinderUITests.xctest */;
			productType = "com.apple.product-type.bundle.ui-testing";
		};
/* End PBXNativeTarget section */

/* Begin PBXProject section */
		AB7B364B2C34A793004AE578 /* Project object */ = {
			isa = PBXProject;
			attributes = {
				BuildIndependentTargetsInParallel = 1;
				LastSwiftUpdateCheck = 1600;
				LastUpgradeCheck = 1600;
				TargetAttributes = {
					AB7B36522C34A793004AE578 = {
						CreatedOnToolsVersion = 16.0;
					};
					AB7B36622C34A794004AE578 = {
						CreatedOnToolsVersion = 16.0;
						TestTargetID = AB7B36522C34A793004AE578;
					};
					AB7B366C2C34A794004AE578 = {
						CreatedOnToolsVersion = 16.0;
						TestTargetID = AB7B36522C34A793004AE578;
					};
				};
			};
			buildConfigurationList = AB7B364E2C34A793004AE578 /* Build configuration list for PBXProject "SubMinder" */;
			compatibilityVersion = "Xcode 15.0";
			developmentRegion = es;
			hasScannedForEncodings = 0;
			knownRegions = (
				en,
				es,
				Base,
			);
			mainGroup = AB7B364A2C34A793004AE578;
			packageReferences = (
				AB7B36992C34B612004AE578 /* XCRemoteSwiftPackageReference "firebase-ios-sdk" */,
				AB7B36B92C34DB32004AE578 /* XCRemoteSwiftPackageReference "GoogleSignIn-iOS" */,
			);
			productRefGroup = AB7B36542C34A793004AE578 /* Products */;
			projectDirPath = "";
			projectRoot = "";
			targets = (
				AB7B36522C34A793004AE578 /* SubMinder */,
				AB7B36622C34A794004AE578 /* SubMinderTests */,
				AB7B366C2C34A794004AE578 /* SubMinderUITests */,
			);
		};
/* End PBXProject section */

/* Begin PBXResourcesBuildPhase section */
		AB7B36512C34A793004AE578 /* Resources */ = {
			isa = PBXResourcesBuildPhase;
			buildActionMask = 2147483647;
			files = (
				ABEDC02A2C35D0A20057EDC6 /* Roboto-Regular.ttf in Resources */,
				AB7B365E2C34A794004AE578 /* Preview Assets.xcassets in Resources */,
				AB7B36B82C34DA93004AE578 /* GoogleService-Info.plist in Resources */,
				ABEDC0312C35DE680057EDC6 /* Localizable.strings in Resources */,
				ABEDC02C2C35D0AC0057EDC6 /* Roboto-Medium.ttf in Resources */,
				ABEDC0282C35D09B0057EDC6 /* Roboto-Bold.ttf in Resources */,
				AB7B365B2C34A794004AE578 /* Assets.xcassets in Resources */,
			);
			runOnlyForDeploymentPostprocessing = 0;
		};
		AB7B36612C34A794004AE578 /* Resources */ = {
			isa = PBXResourcesBuildPhase;
			buildActionMask = 2147483647;
			files = (
			);
			runOnlyForDeploymentPostprocessing = 0;
		};
		AB7B366B2C34A794004AE578 /* Resources */ = {
			isa = PBXResourcesBuildPhase;
			buildActionMask = 2147483647;
			files = (
			);
			runOnlyForDeploymentPostprocessing = 0;
		};
/* End PBXResourcesBuildPhase section */

/* Begin PBXSourcesBuildPhase section */
		AB7B364F2C34A793004AE578 /* Sources */ = {
			isa = PBXSourcesBuildPhase;
			buildActionMask = 2147483647;
			files = (
				AB9485822C38C2B600DF72BA /* SubscriptionsFactory.swift in Sources */,
				AB7B36C82C356605004AE578 /* SMTextField.swift in Sources */,
				AB94857A2C38BAFD00DF72BA /* NewSubscriptionRow.swift in Sources */,
				ABEDC03B2C371CBE0057EDC6 /* SMScrollableTabView.swift in Sources */,
				AB94857D2C38C01300DF72BA /* NewSubscriptionFormView.swift in Sources */,
				ABEDC0452C3857EA0057EDC6 /* SMAddIconButton.swift in Sources */,
				AB7B36C62C35622A004AE578 /* SMSecureTextField.swift in Sources */,
				AB7B368A2C34A9E0004AE578 /* HomeView.swift in Sources */,
				AB94857F2C38C04400DF72BA /* NewSubscriptionFormViewModel.swift in Sources */,
				AB7B36CB2C35992C004AE578 /* AuthService.swift in Sources */,
				ABEDC04A2C385DB90057EDC6 /* NewSubscriptionViewModel.swift in Sources */,
				AB7B36B22C34CC07004AE578 /* HomeViewModel.swift in Sources */,
				AB7B36BE2C354F44004AE578 /* RegisterView.swift in Sources */,
				ABEDC0392C3716520057EDC6 /* SMIconButton.swift in Sources */,
				AB7B36882C34A9D3004AE578 /* LoginView.swift in Sources */,
				AB7B36912C34AA5E004AE578 /* SplashView.swift in Sources */,
				AB7B36962C34AC31004AE578 /* BaseLoader.swift in Sources */,
				AB7B36A62C34B782004AE578 /* AppDelegate.swift in Sources */,
				AB7B36572C34A793004AE578 /* SubMinderApp.swift in Sources */,
				ABEDC0372C35F1D30057EDC6 /* Color+Utils.swift in Sources */,
				ABEDC0482C385DA50057EDC6 /* NewSubscriptionView.swift in Sources */,
				AB7B368E2C34AA1B004AE578 /* BaseManager.swift in Sources */,
				AB7B36C02C354F4F004AE578 /* RegisterViewModel.swift in Sources */,
				AB7B36B62C34D974004AE578 /* String+Utils.swift in Sources */,
				ABEDC02E2C35D41D0057EDC6 /* SMText.swift in Sources */,
				AB7B36AE2C34C01F004AE578 /* DeviceInfo.swift in Sources */,
				AB7B36B02C34CBAA004AE578 /* LoginViewModel.swift in Sources */,
				ABEDC0412C3775EE0057EDC6 /* SMCircularProgressBar.swift in Sources */,
				AB7B36AB2C34BCD0004AE578 /* SplashViewModel.swift in Sources */,
				AB7B36C22C355C76004AE578 /* SMMainButton.swift in Sources */,
			);
			runOnlyForDeploymentPostprocessing = 0;
		};
		AB7B365F2C34A794004AE578 /* Sources */ = {
			isa = PBXSourcesBuildPhase;
			buildActionMask = 2147483647;
			files = (
				AB7B36682C34A794004AE578 /* SubMinderTests.swift in Sources */,
			);
			runOnlyForDeploymentPostprocessing = 0;
		};
		AB7B36692C34A794004AE578 /* Sources */ = {
			isa = PBXSourcesBuildPhase;
			buildActionMask = 2147483647;
			files = (
				AB7B36742C34A794004AE578 /* SubMinderUITestsLaunchTests.swift in Sources */,
				AB7B36722C34A794004AE578 /* SubMinderUITests.swift in Sources */,
			);
			runOnlyForDeploymentPostprocessing = 0;
		};
/* End PBXSourcesBuildPhase section */

/* Begin PBXTargetDependency section */
		AB7B36652C34A794004AE578 /* PBXTargetDependency */ = {
			isa = PBXTargetDependency;
			target = AB7B36522C34A793004AE578 /* SubMinder */;
			targetProxy = AB7B36642C34A794004AE578 /* PBXContainerItemProxy */;
		};
		AB7B366F2C34A794004AE578 /* PBXTargetDependency */ = {
			isa = PBXTargetDependency;
			target = AB7B36522C34A793004AE578 /* SubMinder */;
			targetProxy = AB7B366E2C34A794004AE578 /* PBXContainerItemProxy */;
		};
/* End PBXTargetDependency section */

/* Begin PBXVariantGroup section */
		ABEDC02F2C35DE680057EDC6 /* Localizable.strings */ = {
			isa = PBXVariantGroup;
			children = (
				ABEDC0342C35E2F30057EDC6 /* es */,
			);
			name = Localizable.strings;
			sourceTree = "<group>";
		};
/* End PBXVariantGroup section */

/* Begin XCBuildConfiguration section */
		AB7B36752C34A794004AE578 /* Debug */ = {
			isa = XCBuildConfiguration;
			buildSettings = {
				ALWAYS_SEARCH_USER_PATHS = NO;
				ASSETCATALOG_COMPILER_GENERATE_SWIFT_ASSET_SYMBOL_EXTENSIONS = YES;
				CLANG_ANALYZER_NONNULL = YES;
				CLANG_ANALYZER_NUMBER_OBJECT_CONVERSION = YES_AGGRESSIVE;
				CLANG_CXX_LANGUAGE_STANDARD = "gnu++20";
				CLANG_ENABLE_MODULES = YES;
				CLANG_ENABLE_OBJC_ARC = YES;
				CLANG_ENABLE_OBJC_WEAK = YES;
				CLANG_WARN_BLOCK_CAPTURE_AUTORELEASING = YES;
				CLANG_WARN_BOOL_CONVERSION = YES;
				CLANG_WARN_COMMA = YES;
				CLANG_WARN_CONSTANT_CONVERSION = YES;
				CLANG_WARN_DEPRECATED_OBJC_IMPLEMENTATIONS = YES;
				CLANG_WARN_DIRECT_OBJC_ISA_USAGE = YES_ERROR;
				CLANG_WARN_DOCUMENTATION_COMMENTS = YES;
				CLANG_WARN_EMPTY_BODY = YES;
				CLANG_WARN_ENUM_CONVERSION = YES;
				CLANG_WARN_INFINITE_RECURSION = YES;
				CLANG_WARN_INT_CONVERSION = YES;
				CLANG_WARN_NON_LITERAL_NULL_CONVERSION = YES;
				CLANG_WARN_OBJC_IMPLICIT_RETAIN_SELF = YES;
				CLANG_WARN_OBJC_LITERAL_CONVERSION = YES;
				CLANG_WARN_OBJC_ROOT_CLASS = YES_ERROR;
				CLANG_WARN_QUOTED_INCLUDE_IN_FRAMEWORK_HEADER = YES;
				CLANG_WARN_RANGE_LOOP_ANALYSIS = YES;
				CLANG_WARN_STRICT_PROTOTYPES = YES;
				CLANG_WARN_SUSPICIOUS_MOVE = YES;
				CLANG_WARN_UNGUARDED_AVAILABILITY = YES_AGGRESSIVE;
				CLANG_WARN_UNREACHABLE_CODE = YES;
				CLANG_WARN__DUPLICATE_METHOD_MATCH = YES;
				COPY_PHASE_STRIP = NO;
				DEBUG_INFORMATION_FORMAT = dwarf;
				ENABLE_STRICT_OBJC_MSGSEND = YES;
				ENABLE_TESTABILITY = YES;
				ENABLE_USER_SCRIPT_SANDBOXING = YES;
				GCC_C_LANGUAGE_STANDARD = gnu17;
				GCC_DYNAMIC_NO_PIC = NO;
				GCC_NO_COMMON_BLOCKS = YES;
				GCC_OPTIMIZATION_LEVEL = 0;
				GCC_PREPROCESSOR_DEFINITIONS = (
					"DEBUG=1",
					"$(inherited)",
				);
				GCC_WARN_64_TO_32_BIT_CONVERSION = YES;
				GCC_WARN_ABOUT_RETURN_TYPE = YES_ERROR;
				GCC_WARN_UNDECLARED_SELECTOR = YES;
				GCC_WARN_UNINITIALIZED_AUTOS = YES_AGGRESSIVE;
				GCC_WARN_UNUSED_FUNCTION = YES;
				GCC_WARN_UNUSED_VARIABLE = YES;
				IPHONEOS_DEPLOYMENT_TARGET = 16.4;
				LOCALIZATION_PREFERS_STRING_CATALOGS = YES;
				MTL_ENABLE_DEBUG_INFO = INCLUDE_SOURCE;
				MTL_FAST_MATH = YES;
				ONLY_ACTIVE_ARCH = YES;
				SDKROOT = iphoneos;
				SWIFT_ACTIVE_COMPILATION_CONDITIONS = "DEBUG $(inherited)";
				SWIFT_EMIT_LOC_STRINGS = YES;
				SWIFT_OPTIMIZATION_LEVEL = "-Onone";
			};
			name = Debug;
		};
		AB7B36762C34A794004AE578 /* Release */ = {
			isa = XCBuildConfiguration;
			buildSettings = {
				ALWAYS_SEARCH_USER_PATHS = NO;
				ASSETCATALOG_COMPILER_GENERATE_SWIFT_ASSET_SYMBOL_EXTENSIONS = YES;
				CLANG_ANALYZER_NONNULL = YES;
				CLANG_ANALYZER_NUMBER_OBJECT_CONVERSION = YES_AGGRESSIVE;
				CLANG_CXX_LANGUAGE_STANDARD = "gnu++20";
				CLANG_ENABLE_MODULES = YES;
				CLANG_ENABLE_OBJC_ARC = YES;
				CLANG_ENABLE_OBJC_WEAK = YES;
				CLANG_WARN_BLOCK_CAPTURE_AUTORELEASING = YES;
				CLANG_WARN_BOOL_CONVERSION = YES;
				CLANG_WARN_COMMA = YES;
				CLANG_WARN_CONSTANT_CONVERSION = YES;
				CLANG_WARN_DEPRECATED_OBJC_IMPLEMENTATIONS = YES;
				CLANG_WARN_DIRECT_OBJC_ISA_USAGE = YES_ERROR;
				CLANG_WARN_DOCUMENTATION_COMMENTS = YES;
				CLANG_WARN_EMPTY_BODY = YES;
				CLANG_WARN_ENUM_CONVERSION = YES;
				CLANG_WARN_INFINITE_RECURSION = YES;
				CLANG_WARN_INT_CONVERSION = YES;
				CLANG_WARN_NON_LITERAL_NULL_CONVERSION = YES;
				CLANG_WARN_OBJC_IMPLICIT_RETAIN_SELF = YES;
				CLANG_WARN_OBJC_LITERAL_CONVERSION = YES;
				CLANG_WARN_OBJC_ROOT_CLASS = YES_ERROR;
				CLANG_WARN_QUOTED_INCLUDE_IN_FRAMEWORK_HEADER = YES;
				CLANG_WARN_RANGE_LOOP_ANALYSIS = YES;
				CLANG_WARN_STRICT_PROTOTYPES = YES;
				CLANG_WARN_SUSPICIOUS_MOVE = YES;
				CLANG_WARN_UNGUARDED_AVAILABILITY = YES_AGGRESSIVE;
				CLANG_WARN_UNREACHABLE_CODE = YES;
				CLANG_WARN__DUPLICATE_METHOD_MATCH = YES;
				COPY_PHASE_STRIP = NO;
				DEBUG_INFORMATION_FORMAT = "dwarf-with-dsym";
				ENABLE_NS_ASSERTIONS = NO;
				ENABLE_STRICT_OBJC_MSGSEND = YES;
				ENABLE_USER_SCRIPT_SANDBOXING = YES;
				GCC_C_LANGUAGE_STANDARD = gnu17;
				GCC_NO_COMMON_BLOCKS = YES;
				GCC_WARN_64_TO_32_BIT_CONVERSION = YES;
				GCC_WARN_ABOUT_RETURN_TYPE = YES_ERROR;
				GCC_WARN_UNDECLARED_SELECTOR = YES;
				GCC_WARN_UNINITIALIZED_AUTOS = YES_AGGRESSIVE;
				GCC_WARN_UNUSED_FUNCTION = YES;
				GCC_WARN_UNUSED_VARIABLE = YES;
				IPHONEOS_DEPLOYMENT_TARGET = 16.4;
				LOCALIZATION_PREFERS_STRING_CATALOGS = YES;
				MTL_ENABLE_DEBUG_INFO = NO;
				MTL_FAST_MATH = YES;
				SDKROOT = iphoneos;
				SWIFT_COMPILATION_MODE = wholemodule;
				SWIFT_EMIT_LOC_STRINGS = YES;
				VALIDATE_PRODUCT = YES;
			};
			name = Release;
		};
		AB7B36782C34A794004AE578 /* Debug */ = {
			isa = XCBuildConfiguration;
			buildSettings = {
				ASSETCATALOG_COMPILER_APPICON_NAME = AppIcon;
				ASSETCATALOG_COMPILER_GLOBAL_ACCENT_COLOR_NAME = AccentColor;
				CODE_SIGN_STYLE = Automatic;
				CURRENT_PROJECT_VERSION = 1;
				DEVELOPMENT_ASSET_PATHS = "\"SubMinder/Preview Content\"";
				DEVELOPMENT_TEAM = V469DAHXMC;
				ENABLE_PREVIEWS = YES;
				GENERATE_INFOPLIST_FILE = YES;
				INFOPLIST_FILE = SubMinder/App/Info.plist;
				INFOPLIST_KEY_UIApplicationSceneManifest_Generation = YES;
				INFOPLIST_KEY_UIApplicationSupportsIndirectInputEvents = YES;
				INFOPLIST_KEY_UILaunchScreen_Generation = YES;
				INFOPLIST_KEY_UISupportedInterfaceOrientations = UIInterfaceOrientationPortrait;
				INFOPLIST_KEY_UISupportedInterfaceOrientations_iPad = "UIInterfaceOrientationPortrait UIInterfaceOrientationPortraitUpsideDown";
				INFOPLIST_KEY_UIUserInterfaceStyle = Light;
				IPHONEOS_DEPLOYMENT_TARGET = 16.4;
				LD_RUNPATH_SEARCH_PATHS = (
					"$(inherited)",
					"@executable_path/Frameworks",
				);
				MARKETING_VERSION = 1.0;
				PRODUCT_BUNDLE_IDENTIFIER = jonacedev.SubMinder;
				PRODUCT_NAME = "$(TARGET_NAME)";
				SWIFT_EMIT_LOC_STRINGS = YES;
				SWIFT_VERSION = 5.0;
				TARGETED_DEVICE_FAMILY = "1,2";
			};
			name = Debug;
		};
		AB7B36792C34A794004AE578 /* Release */ = {
			isa = XCBuildConfiguration;
			buildSettings = {
				ASSETCATALOG_COMPILER_APPICON_NAME = AppIcon;
				ASSETCATALOG_COMPILER_GLOBAL_ACCENT_COLOR_NAME = AccentColor;
				CODE_SIGN_STYLE = Automatic;
				CURRENT_PROJECT_VERSION = 1;
				DEVELOPMENT_ASSET_PATHS = "\"SubMinder/Preview Content\"";
				DEVELOPMENT_TEAM = V469DAHXMC;
				ENABLE_PREVIEWS = YES;
				GENERATE_INFOPLIST_FILE = YES;
				INFOPLIST_FILE = SubMinder/App/Info.plist;
				INFOPLIST_KEY_UIApplicationSceneManifest_Generation = YES;
				INFOPLIST_KEY_UIApplicationSupportsIndirectInputEvents = YES;
				INFOPLIST_KEY_UILaunchScreen_Generation = YES;
				INFOPLIST_KEY_UISupportedInterfaceOrientations = UIInterfaceOrientationPortrait;
				INFOPLIST_KEY_UISupportedInterfaceOrientations_iPad = "UIInterfaceOrientationPortrait UIInterfaceOrientationPortraitUpsideDown";
				INFOPLIST_KEY_UIUserInterfaceStyle = Light;
				IPHONEOS_DEPLOYMENT_TARGET = 16.4;
				LD_RUNPATH_SEARCH_PATHS = (
					"$(inherited)",
					"@executable_path/Frameworks",
				);
				MARKETING_VERSION = 1.0;
				PRODUCT_BUNDLE_IDENTIFIER = jonacedev.SubMinder;
				PRODUCT_NAME = "$(TARGET_NAME)";
				SWIFT_EMIT_LOC_STRINGS = YES;
				SWIFT_VERSION = 5.0;
				TARGETED_DEVICE_FAMILY = "1,2";
			};
			name = Release;
		};
		AB7B367B2C34A794004AE578 /* Debug */ = {
			isa = XCBuildConfiguration;
			buildSettings = {
				BUNDLE_LOADER = "$(TEST_HOST)";
				CODE_SIGN_STYLE = Automatic;
				CURRENT_PROJECT_VERSION = 1;
				DEVELOPMENT_TEAM = V469DAHXMC;
				GENERATE_INFOPLIST_FILE = YES;
				IPHONEOS_DEPLOYMENT_TARGET = 16.4;
				MARKETING_VERSION = 1.0;
				PRODUCT_BUNDLE_IDENTIFIER = jonacedev.SubMinderTests;
				PRODUCT_NAME = "$(TARGET_NAME)";
				SWIFT_EMIT_LOC_STRINGS = NO;
				SWIFT_VERSION = 5.0;
				TARGETED_DEVICE_FAMILY = "1,2";
				TEST_HOST = "$(BUILT_PRODUCTS_DIR)/SubMinder.app/$(BUNDLE_EXECUTABLE_FOLDER_PATH)/SubMinder";
			};
			name = Debug;
		};
		AB7B367C2C34A794004AE578 /* Release */ = {
			isa = XCBuildConfiguration;
			buildSettings = {
				BUNDLE_LOADER = "$(TEST_HOST)";
				CODE_SIGN_STYLE = Automatic;
				CURRENT_PROJECT_VERSION = 1;
				DEVELOPMENT_TEAM = V469DAHXMC;
				GENERATE_INFOPLIST_FILE = YES;
				IPHONEOS_DEPLOYMENT_TARGET = 16.4;
				MARKETING_VERSION = 1.0;
				PRODUCT_BUNDLE_IDENTIFIER = jonacedev.SubMinderTests;
				PRODUCT_NAME = "$(TARGET_NAME)";
				SWIFT_EMIT_LOC_STRINGS = NO;
				SWIFT_VERSION = 5.0;
				TARGETED_DEVICE_FAMILY = "1,2";
				TEST_HOST = "$(BUILT_PRODUCTS_DIR)/SubMinder.app/$(BUNDLE_EXECUTABLE_FOLDER_PATH)/SubMinder";
			};
			name = Release;
		};
		AB7B367E2C34A794004AE578 /* Debug */ = {
			isa = XCBuildConfiguration;
			buildSettings = {
				CODE_SIGN_STYLE = Automatic;
				CURRENT_PROJECT_VERSION = 1;
				DEVELOPMENT_TEAM = V469DAHXMC;
				GENERATE_INFOPLIST_FILE = YES;
				IPHONEOS_DEPLOYMENT_TARGET = 16.4;
				MARKETING_VERSION = 1.0;
				PRODUCT_BUNDLE_IDENTIFIER = jonacedev.SubMinderUITests;
				PRODUCT_NAME = "$(TARGET_NAME)";
				SWIFT_EMIT_LOC_STRINGS = NO;
				SWIFT_VERSION = 5.0;
				TARGETED_DEVICE_FAMILY = "1,2";
				TEST_TARGET_NAME = SubMinder;
			};
			name = Debug;
		};
		AB7B367F2C34A794004AE578 /* Release */ = {
			isa = XCBuildConfiguration;
			buildSettings = {
				CODE_SIGN_STYLE = Automatic;
				CURRENT_PROJECT_VERSION = 1;
				DEVELOPMENT_TEAM = V469DAHXMC;
				GENERATE_INFOPLIST_FILE = YES;
				IPHONEOS_DEPLOYMENT_TARGET = 16.4;
				MARKETING_VERSION = 1.0;
				PRODUCT_BUNDLE_IDENTIFIER = jonacedev.SubMinderUITests;
				PRODUCT_NAME = "$(TARGET_NAME)";
				SWIFT_EMIT_LOC_STRINGS = NO;
				SWIFT_VERSION = 5.0;
				TARGETED_DEVICE_FAMILY = "1,2";
				TEST_TARGET_NAME = SubMinder;
			};
			name = Release;
		};
/* End XCBuildConfiguration section */

/* Begin XCConfigurationList section */
		AB7B364E2C34A793004AE578 /* Build configuration list for PBXProject "SubMinder" */ = {
			isa = XCConfigurationList;
			buildConfigurations = (
				AB7B36752C34A794004AE578 /* Debug */,
				AB7B36762C34A794004AE578 /* Release */,
			);
			defaultConfigurationIsVisible = 0;
			defaultConfigurationName = Release;
		};
		AB7B36772C34A794004AE578 /* Build configuration list for PBXNativeTarget "SubMinder" */ = {
			isa = XCConfigurationList;
			buildConfigurations = (
				AB7B36782C34A794004AE578 /* Debug */,
				AB7B36792C34A794004AE578 /* Release */,
			);
			defaultConfigurationIsVisible = 0;
			defaultConfigurationName = Release;
		};
		AB7B367A2C34A794004AE578 /* Build configuration list for PBXNativeTarget "SubMinderTests" */ = {
			isa = XCConfigurationList;
			buildConfigurations = (
				AB7B367B2C34A794004AE578 /* Debug */,
				AB7B367C2C34A794004AE578 /* Release */,
			);
			defaultConfigurationIsVisible = 0;
			defaultConfigurationName = Release;
		};
		AB7B367D2C34A794004AE578 /* Build configuration list for PBXNativeTarget "SubMinderUITests" */ = {
			isa = XCConfigurationList;
			buildConfigurations = (
				AB7B367E2C34A794004AE578 /* Debug */,
				AB7B367F2C34A794004AE578 /* Release */,
			);
			defaultConfigurationIsVisible = 0;
			defaultConfigurationName = Release;
		};
/* End XCConfigurationList section */

/* Begin XCRemoteSwiftPackageReference section */
		AB7B36992C34B612004AE578 /* XCRemoteSwiftPackageReference "firebase-ios-sdk" */ = {
			isa = XCRemoteSwiftPackageReference;
			repositoryURL = "https://github.com/firebase/firebase-ios-sdk";
			requirement = {
				kind = upToNextMajorVersion;
				minimumVersion = 10.28.1;
			};
		};
		AB7B36B92C34DB32004AE578 /* XCRemoteSwiftPackageReference "GoogleSignIn-iOS" */ = {
			isa = XCRemoteSwiftPackageReference;
			repositoryURL = "https://github.com/google/GoogleSignIn-iOS";
			requirement = {
				kind = upToNextMajorVersion;
				minimumVersion = 7.1.0;
			};
		};
/* End XCRemoteSwiftPackageReference section */

/* Begin XCSwiftPackageProductDependency section */
		AB7B369B2C34B718004AE578 /* FirebaseAnalytics */ = {
			isa = XCSwiftPackageProductDependency;
			package = AB7B36992C34B612004AE578 /* XCRemoteSwiftPackageReference "firebase-ios-sdk" */;
			productName = FirebaseAnalytics;
		};
		AB7B369F2C34B72B004AE578 /* FirebaseCrashlytics */ = {
			isa = XCSwiftPackageProductDependency;
			package = AB7B36992C34B612004AE578 /* XCRemoteSwiftPackageReference "firebase-ios-sdk" */;
			productName = FirebaseCrashlytics;
		};
		AB7B36A12C34B734004AE578 /* FirebaseAuth */ = {
			isa = XCSwiftPackageProductDependency;
			package = AB7B36992C34B612004AE578 /* XCRemoteSwiftPackageReference "firebase-ios-sdk" */;
			productName = FirebaseAuth;
		};
/* End XCSwiftPackageProductDependency section */
	};
	rootObject = AB7B364B2C34A793004AE578 /* Project object */;
}
